
Microsoft Visual Studio Solution File, Format Version 12.00
# Visual Studio Version 16
VisualStudioVersion = 16.0.32228.343
MinimumVisualStudioVersion = 10.0.40219.1
Project("{FAE04EC0-301F-11D3-BF4B-00C04F79EFBC}") = "MVCKarısık", "MVCKarısık\MVCKarısık.csproj", "{2A0860B6-094A-48C4-BCAD-2F7A52DADE9F}"
EndProject
Global
	GlobalSection(SolutionConfigurationPlatforms) = preSolution
		Debug|Any CPU = Debug|Any CPU
		Release|Any CPU = Release|Any CPU
	EndGlobalSection
	GlobalSection(ProjectConfigurationPlatforms) = postSolution
		{2A0860B6-094A-48C4-BCAD-2F7A52DADE9F}.Debug|Any CPU.ActiveCfg = Debug|Any CPU
		{2A0860B6-094A-48C4-BCAD-2F7A52DADE9F}.Debug|Any CPU.Build.0 = Debug|Any CPU
		{2A0860B6-094A-48C4-BCAD-2F7A52DADE9F}.Release|Any CPU.ActiveCfg = Release|Any CPU
		{2A0860B6-094A-48C4-BCAD-2F7A52DADE9F}.Release|Any CPU.Build.0 = Release|Any CPU
	EndGlobalSection
	GlobalSection(SolutionProperties) = preSolution
		HideSolutionNode = FALSE
	EndGlobalSection
	GlobalSection(ExtensibilityGlobals) = postSolution
		SolutionGuid = {B12FE205-0B60-40B0-9ADB-EB9C067825F7}
	EndGlobalSection
EndGlobal
