
Microsoft Visual Studio Solution File, Format Version 12.00
# Visual Studio Version 16
VisualStudioVersion = 16.0.32228.343
MinimumVisualStudioVersion = 10.0.40219.1
Project("{FAE04EC0-301F-11D3-BF4B-00C04F79EFBC}") = "MVCMail", "MVCMail\MVCMail.csproj", "{8D75B1BB-87BF-4835-85C6-4BB6D661C5CE}"
EndProject
Global
	GlobalSection(SolutionConfigurationPlatforms) = preSolution
		Debug|Any CPU = Debug|Any CPU
		Release|Any CPU = Release|Any CPU
	EndGlobalSection
	GlobalSection(ProjectConfigurationPlatforms) = postSolution
		{8D75B1BB-87BF-4835-85C6-4BB6D661C5CE}.Debug|Any CPU.ActiveCfg = Debug|Any CPU
		{8D75B1BB-87BF-4835-85C6-4BB6D661C5CE}.Debug|Any CPU.Build.0 = Debug|Any CPU
		{8D75B1BB-87BF-4835-85C6-4BB6D661C5CE}.Release|Any CPU.ActiveCfg = Release|Any CPU
		{8D75B1BB-87BF-4835-85C6-4BB6D661C5CE}.Release|Any CPU.Build.0 = Release|Any CPU
	EndGlobalSection
	GlobalSection(SolutionProperties) = preSolution
		HideSolutionNode = FALSE
	EndGlobalSection
	GlobalSection(ExtensibilityGlobals) = postSolution
		SolutionGuid = {E5E5C865-820C-46D3-B465-110C5816E435}
	EndGlobalSection
EndGlobal
